<Solution>
  <Folder Name="/src/">
    <Project Path="src/FinancialCore.Api/FinancialCore.Api.csproj" />
    <Project Path="src/FinancialCore.Application/FinancialCore.Application.csproj" />
    <Project Path="src/FinancialCore.Domain/FinancialCore.Domain.csproj" />
    <Project Path="src/FinancialCore.Infrastructure/FinancialCore.Infrastructure.csproj" />
  </Folder>
  <Folder Name="/tests/">
    <Project Path="tests/FinancialCore.Tests/FinancialCore.Tests.csproj" />
  </Folder>
</Solution>
